
Microsoft Visual Studio Solution File, Format Version 12.00
# Visual Studio 2012
Project("{FAE04EC0-301F-11D3-BF4B-00C04F79EFBC}") = "Parcial-2-20170622", "Parcial-2-20170622\Parcial-2-20170622.csproj", "{BCBF0CB7-B1A6-4F3C-9550-4EC500A1EA6D}"
EndProject
Project("{FAE04EC0-301F-11D3-BF4B-00C04F79EFBC}") = "Entidades", "Entidades\Entidades.csproj", "{AB481655-19E3-4CA3-8184-BDE72A1FC184}"
EndProject
Project("{FAE04EC0-301F-11D3-BF4B-00C04F79EFBC}") = "Interfaces", "Interfaces\Interfaces.csproj", "{D2F2FAA7-A67B-4930-8A76-063B9346982B}"
EndProject
Global
	GlobalSection(SolutionConfigurationPlatforms) = preSolution
		Debug|Any CPU = Debug|Any CPU
		Release|Any CPU = Release|Any CPU
	EndGlobalSection
	GlobalSection(ProjectConfigurationPlatforms) = postSolution
		{BCBF0CB7-B1A6-4F3C-9550-4EC500A1EA6D}.Debug|Any CPU.ActiveCfg = Debug|Any CPU
		{BCBF0CB7-B1A6-4F3C-9550-4EC500A1EA6D}.Debug|Any CPU.Build.0 = Debug|Any CPU
		{BCBF0CB7-B1A6-4F3C-9550-4EC500A1EA6D}.Release|Any CPU.ActiveCfg = Release|Any CPU
		{BCBF0CB7-B1A6-4F3C-9550-4EC500A1EA6D}.Release|Any CPU.Build.0 = Release|Any CPU
		{AB481655-19E3-4CA3-8184-BDE72A1FC184}.Debug|Any CPU.ActiveCfg = Debug|Any CPU
		{AB481655-19E3-4CA3-8184-BDE72A1FC184}.Debug|Any CPU.Build.0 = Debug|Any CPU
		{AB481655-19E3-4CA3-8184-BDE72A1FC184}.Release|Any CPU.ActiveCfg = Release|Any CPU
		{AB481655-19E3-4CA3-8184-BDE72A1FC184}.Release|Any CPU.Build.0 = Release|Any CPU
		{D2F2FAA7-A67B-4930-8A76-063B9346982B}.Debug|Any CPU.ActiveCfg = Debug|Any CPU
		{D2F2FAA7-A67B-4930-8A76-063B9346982B}.Debug|Any CPU.Build.0 = Debug|Any CPU
		{D2F2FAA7-A67B-4930-8A76-063B9346982B}.Release|Any CPU.ActiveCfg = Release|Any CPU
		{D2F2FAA7-A67B-4930-8A76-063B9346982B}.Release|Any CPU.Build.0 = Release|Any CPU
	EndGlobalSection
	GlobalSection(SolutionProperties) = preSolution
		HideSolutionNode = FALSE
	EndGlobalSection
EndGlobal
