
Microsoft Visual Studio Solution File, Format Version 12.00
# Visual Studio 2012
Project("{FAE04EC0-301F-11D3-BF4B-00C04F79EFBC}") = "Ej13", "Guía2015\Ej13.csproj", "{6DA3F031-EBDE-43C2-825E-3E1C7DD5829B}"
EndProject
Project("{FAE04EC0-301F-11D3-BF4B-00C04F79EFBC}") = "Ej16", "Ej16\Ej16.csproj", "{BEF89ADD-DF94-4963-A2EC-E4198E7E6F17}"
EndProject
Global
	GlobalSection(SolutionConfigurationPlatforms) = preSolution
		Debug|Any CPU = Debug|Any CPU
		Release|Any CPU = Release|Any CPU
	EndGlobalSection
	GlobalSection(ProjectConfigurationPlatforms) = postSolution
		{6DA3F031-EBDE-43C2-825E-3E1C7DD5829B}.Debug|Any CPU.ActiveCfg = Debug|Any CPU
		{6DA3F031-EBDE-43C2-825E-3E1C7DD5829B}.Debug|Any CPU.Build.0 = Debug|Any CPU
		{6DA3F031-EBDE-43C2-825E-3E1C7DD5829B}.Release|Any CPU.ActiveCfg = Release|Any CPU
		{6DA3F031-EBDE-43C2-825E-3E1C7DD5829B}.Release|Any CPU.Build.0 = Release|Any CPU
		{BEF89ADD-DF94-4963-A2EC-E4198E7E6F17}.Debug|Any CPU.ActiveCfg = Debug|Any CPU
		{BEF89ADD-DF94-4963-A2EC-E4198E7E6F17}.Debug|Any CPU.Build.0 = Debug|Any CPU
		{BEF89ADD-DF94-4963-A2EC-E4198E7E6F17}.Release|Any CPU.ActiveCfg = Release|Any CPU
		{BEF89ADD-DF94-4963-A2EC-E4198E7E6F17}.Release|Any CPU.Build.0 = Release|Any CPU
	EndGlobalSection
	GlobalSection(SolutionProperties) = preSolution
		HideSolutionNode = FALSE
	EndGlobalSection
EndGlobal
