
Microsoft Visual Studio Solution File, Format Version 12.00
# Visual Studio 2012
Project("{FAE04EC0-301F-11D3-BF4B-00C04F79EFBC}") = "Clase1.Primos", "Clase1.Primos\Clase1.Primos.csproj", "{4819FDBA-07CB-4C76-A73E-13561FF31C7D}"
EndProject
Global
	GlobalSection(SolutionConfigurationPlatforms) = preSolution
		Debug|Any CPU = Debug|Any CPU
		Release|Any CPU = Release|Any CPU
	EndGlobalSection
	GlobalSection(ProjectConfigurationPlatforms) = postSolution
		{4819FDBA-07CB-4C76-A73E-13561FF31C7D}.Debug|Any CPU.ActiveCfg = Debug|Any CPU
		{4819FDBA-07CB-4C76-A73E-13561FF31C7D}.Debug|Any CPU.Build.0 = Debug|Any CPU
		{4819FDBA-07CB-4C76-A73E-13561FF31C7D}.Release|Any CPU.ActiveCfg = Release|Any CPU
		{4819FDBA-07CB-4C76-A73E-13561FF31C7D}.Release|Any CPU.Build.0 = Release|Any CPU
	EndGlobalSection
	GlobalSection(SolutionProperties) = preSolution
		HideSolutionNode = FALSE
	EndGlobalSection
EndGlobal
