
Microsoft Visual Studio Solution File, Format Version 12.00
# Visual Studio Version 16
VisualStudioVersion = 16.0.31605.320
MinimumVisualStudioVersion = 10.0.40219.1
Project("{9A19103F-16F7-4668-BE54-9A1E7A4F7556}") = "Clase 3", "Clase 1\Clase 3.csproj", "{9F9BAE3B-75FD-422E-B42C-C39E9FCEB861}"
EndProject
Project("{FAE04EC0-301F-11D3-BF4B-00C04F79EFBC}") = "Entidades", "Entidades\Entidades.csproj", "{7C0CCA29-11FD-4E54-AD22-8159AF625873}"
EndProject
Global
	GlobalSection(SolutionConfigurationPlatforms) = preSolution
		Debug|Any CPU = Debug|Any CPU
		Release|Any CPU = Release|Any CPU
	EndGlobalSection
	GlobalSection(ProjectConfigurationPlatforms) = postSolution
		{9F9BAE3B-75FD-422E-B42C-C39E9FCEB861}.Debug|Any CPU.ActiveCfg = Debug|Any CPU
		{9F9BAE3B-75FD-422E-B42C-C39E9FCEB861}.Debug|Any CPU.Build.0 = Debug|Any CPU
		{9F9BAE3B-75FD-422E-B42C-C39E9FCEB861}.Release|Any CPU.ActiveCfg = Release|Any CPU
		{9F9BAE3B-75FD-422E-B42C-C39E9FCEB861}.Release|Any CPU.Build.0 = Release|Any CPU
		{7C0CCA29-11FD-4E54-AD22-8159AF625873}.Debug|Any CPU.ActiveCfg = Debug|Any CPU
		{7C0CCA29-11FD-4E54-AD22-8159AF625873}.Debug|Any CPU.Build.0 = Debug|Any CPU
		{7C0CCA29-11FD-4E54-AD22-8159AF625873}.Release|Any CPU.ActiveCfg = Release|Any CPU
		{7C0CCA29-11FD-4E54-AD22-8159AF625873}.Release|Any CPU.Build.0 = Release|Any CPU
	EndGlobalSection
	GlobalSection(SolutionProperties) = preSolution
		HideSolutionNode = FALSE
	EndGlobalSection
	GlobalSection(ExtensibilityGlobals) = postSolution
		SolutionGuid = {FEC118A8-09E1-4295-9DF6-4F4D0D74FA9F}
	EndGlobalSection
EndGlobal
