
Microsoft Visual Studio Solution File, Format Version 12.00
# Visual Studio Version 16
VisualStudioVersion = 16.0.31729.503
MinimumVisualStudioVersion = 10.0.40219.1
Project("{9A19103F-16F7-4668-BE54-9A1E7A4F7556}") = "PruebaTask", "PruebaTask\PruebaTask.csproj", "{4057F598-B7F3-4C9A-BEEF-AFF1153034B8}"
EndProject
Project("{9A19103F-16F7-4668-BE54-9A1E7A4F7556}") = "Entidades", "Entidades\Entidades.csproj", "{71E7DA95-3D86-4F74-834E-7C48D1D4F6FA}"
EndProject
Project("{FAE04EC0-301F-11D3-BF4B-00C04F79EFBC}") = "View", "View\View.csproj", "{96ECEAE6-2189-4B8B-B14E-C307EA5A86A9}"
EndProject
Global
	GlobalSection(SolutionConfigurationPlatforms) = preSolution
		Debug|Any CPU = Debug|Any CPU
		Release|Any CPU = Release|Any CPU
	EndGlobalSection
	GlobalSection(ProjectConfigurationPlatforms) = postSolution
		{4057F598-B7F3-4C9A-BEEF-AFF1153034B8}.Debug|Any CPU.ActiveCfg = Debug|Any CPU
		{4057F598-B7F3-4C9A-BEEF-AFF1153034B8}.Debug|Any CPU.Build.0 = Debug|Any CPU
		{4057F598-B7F3-4C9A-BEEF-AFF1153034B8}.Release|Any CPU.ActiveCfg = Release|Any CPU
		{4057F598-B7F3-4C9A-BEEF-AFF1153034B8}.Release|Any CPU.Build.0 = Release|Any CPU
		{71E7DA95-3D86-4F74-834E-7C48D1D4F6FA}.Debug|Any CPU.ActiveCfg = Debug|Any CPU
		{71E7DA95-3D86-4F74-834E-7C48D1D4F6FA}.Debug|Any CPU.Build.0 = Debug|Any CPU
		{71E7DA95-3D86-4F74-834E-7C48D1D4F6FA}.Release|Any CPU.ActiveCfg = Release|Any CPU
		{71E7DA95-3D86-4F74-834E-7C48D1D4F6FA}.Release|Any CPU.Build.0 = Release|Any CPU
		{96ECEAE6-2189-4B8B-B14E-C307EA5A86A9}.Debug|Any CPU.ActiveCfg = Debug|Any CPU
		{96ECEAE6-2189-4B8B-B14E-C307EA5A86A9}.Debug|Any CPU.Build.0 = Debug|Any CPU
		{96ECEAE6-2189-4B8B-B14E-C307EA5A86A9}.Release|Any CPU.ActiveCfg = Release|Any CPU
		{96ECEAE6-2189-4B8B-B14E-C307EA5A86A9}.Release|Any CPU.Build.0 = Release|Any CPU
	EndGlobalSection
	GlobalSection(SolutionProperties) = preSolution
		HideSolutionNode = FALSE
	EndGlobalSection
	GlobalSection(ExtensibilityGlobals) = postSolution
		SolutionGuid = {2003E0E0-040E-4357-8603-D335B46E0B04}
	EndGlobalSection
EndGlobal
