
Microsoft Visual Studio Solution File, Format Version 12.00
# Visual Studio 2012
Project("{FAE04EC0-301F-11D3-BF4B-00C04F79EFBC}") = "Clase1.Perfectos", "Clase1.Perfectos\Clase1.Perfectos.csproj", "{EB6F395B-FB0C-46BB-B0D7-2D922F5CA418}"
EndProject
Global
	GlobalSection(SolutionConfigurationPlatforms) = preSolution
		Debug|Any CPU = Debug|Any CPU
		Release|Any CPU = Release|Any CPU
	EndGlobalSection
	GlobalSection(ProjectConfigurationPlatforms) = postSolution
		{EB6F395B-FB0C-46BB-B0D7-2D922F5CA418}.Debug|Any CPU.ActiveCfg = Debug|Any CPU
		{EB6F395B-FB0C-46BB-B0D7-2D922F5CA418}.Debug|Any CPU.Build.0 = Debug|Any CPU
		{EB6F395B-FB0C-46BB-B0D7-2D922F5CA418}.Release|Any CPU.ActiveCfg = Release|Any CPU
		{EB6F395B-FB0C-46BB-B0D7-2D922F5CA418}.Release|Any CPU.Build.0 = Release|Any CPU
	EndGlobalSection
	GlobalSection(SolutionProperties) = preSolution
		HideSolutionNode = FALSE
	EndGlobalSection
EndGlobal
