
Microsoft Visual Studio Solution File, Format Version 12.00
# Visual Studio 2012
Project("{FAE04EC0-301F-11D3-BF4B-00C04F79EFBC}") = "Ej13", "Guía2015\Ej13.csproj", "{6DA3F031-EBDE-43C2-825E-3E1C7DD5829B}"
EndProject
Project("{FAE04EC0-301F-11D3-BF4B-00C04F79EFBC}") = "Ej16", "Ej16\Ej16.csproj", "{BEF89ADD-DF94-4963-A2EC-E4198E7E6F17}"
EndProject
Project("{FAE04EC0-301F-11D3-BF4B-00C04F79EFBC}") = "Ej52-Libreria", "Ej52-Libreria\Ej52-Libreria.csproj", "{E4054A3A-B9CF-4DE1-8483-0C23D128F419}"
EndProject
Project("{FAE04EC0-301F-11D3-BF4B-00C04F79EFBC}") = "Ej52", "Ej52\Ej52.csproj", "{42404DD2-E809-42CB-A876-0AE77943F78B}"
EndProject
Project("{FAE04EC0-301F-11D3-BF4B-00C04F79EFBC}") = "Ej53", "Ej53\Ej53.csproj", "{30CDD811-276C-4D00-8F6E-64753D5C9132}"
EndProject
Project("{FAE04EC0-301F-11D3-BF4B-00C04F79EFBC}") = "Ej53-Libreria", "Ej53-Libreria\Ej53-Libreria.csproj", "{B3004F4F-7C60-40FB-BF3A-FCD1A1D47296}"
EndProject
Project("{FAE04EC0-301F-11D3-BF4B-00C04F79EFBC}") = "Ej54", "Ej54\Ej54.csproj", "{03DDA3E3-F57A-4DBB-B099-C518F8163731}"
EndProject
Project("{FAE04EC0-301F-11D3-BF4B-00C04F79EFBC}") = "Ej54-Libreria", "Ej54-Libreria\Ej54-Libreria.csproj", "{D77EC0B4-CF61-4859-9BA2-9E2014A7B86B}"
EndProject
Project("{FAE04EC0-301F-11D3-BF4B-00C04F79EFBC}") = "Ej54-CentralitaSerializacion", "Ej54-CentralitaSerializacion\Ej54-CentralitaSerializacion.csproj", "{DEE7B68D-3C99-45FC-856C-E228A0CA0FFC}"
EndProject
Project("{FAE04EC0-301F-11D3-BF4B-00C04F79EFBC}") = "Ej09y10", "Ej09y10\Ej09y10.csproj", "{838D03D3-DB9D-4A01-BCFD-09564442D491}"
EndProject
Global
	GlobalSection(SolutionConfigurationPlatforms) = preSolution
		Debug|Any CPU = Debug|Any CPU
		Release|Any CPU = Release|Any CPU
	EndGlobalSection
	GlobalSection(ProjectConfigurationPlatforms) = postSolution
		{6DA3F031-EBDE-43C2-825E-3E1C7DD5829B}.Debug|Any CPU.ActiveCfg = Debug|Any CPU
		{6DA3F031-EBDE-43C2-825E-3E1C7DD5829B}.Debug|Any CPU.Build.0 = Debug|Any CPU
		{6DA3F031-EBDE-43C2-825E-3E1C7DD5829B}.Release|Any CPU.ActiveCfg = Release|Any CPU
		{6DA3F031-EBDE-43C2-825E-3E1C7DD5829B}.Release|Any CPU.Build.0 = Release|Any CPU
		{BEF89ADD-DF94-4963-A2EC-E4198E7E6F17}.Debug|Any CPU.ActiveCfg = Debug|Any CPU
		{BEF89ADD-DF94-4963-A2EC-E4198E7E6F17}.Debug|Any CPU.Build.0 = Debug|Any CPU
		{BEF89ADD-DF94-4963-A2EC-E4198E7E6F17}.Release|Any CPU.ActiveCfg = Release|Any CPU
		{BEF89ADD-DF94-4963-A2EC-E4198E7E6F17}.Release|Any CPU.Build.0 = Release|Any CPU
		{E4054A3A-B9CF-4DE1-8483-0C23D128F419}.Debug|Any CPU.ActiveCfg = Debug|Any CPU
		{E4054A3A-B9CF-4DE1-8483-0C23D128F419}.Debug|Any CPU.Build.0 = Debug|Any CPU
		{E4054A3A-B9CF-4DE1-8483-0C23D128F419}.Release|Any CPU.ActiveCfg = Release|Any CPU
		{E4054A3A-B9CF-4DE1-8483-0C23D128F419}.Release|Any CPU.Build.0 = Release|Any CPU
		{42404DD2-E809-42CB-A876-0AE77943F78B}.Debug|Any CPU.ActiveCfg = Debug|Any CPU
		{42404DD2-E809-42CB-A876-0AE77943F78B}.Debug|Any CPU.Build.0 = Debug|Any CPU
		{42404DD2-E809-42CB-A876-0AE77943F78B}.Release|Any CPU.ActiveCfg = Release|Any CPU
		{42404DD2-E809-42CB-A876-0AE77943F78B}.Release|Any CPU.Build.0 = Release|Any CPU
		{30CDD811-276C-4D00-8F6E-64753D5C9132}.Debug|Any CPU.ActiveCfg = Debug|Any CPU
		{30CDD811-276C-4D00-8F6E-64753D5C9132}.Debug|Any CPU.Build.0 = Debug|Any CPU
		{30CDD811-276C-4D00-8F6E-64753D5C9132}.Release|Any CPU.ActiveCfg = Release|Any CPU
		{30CDD811-276C-4D00-8F6E-64753D5C9132}.Release|Any CPU.Build.0 = Release|Any CPU
		{B3004F4F-7C60-40FB-BF3A-FCD1A1D47296}.Debug|Any CPU.ActiveCfg = Debug|Any CPU
		{B3004F4F-7C60-40FB-BF3A-FCD1A1D47296}.Debug|Any CPU.Build.0 = Debug|Any CPU
		{B3004F4F-7C60-40FB-BF3A-FCD1A1D47296}.Release|Any CPU.ActiveCfg = Release|Any CPU
		{B3004F4F-7C60-40FB-BF3A-FCD1A1D47296}.Release|Any CPU.Build.0 = Release|Any CPU
		{03DDA3E3-F57A-4DBB-B099-C518F8163731}.Debug|Any CPU.ActiveCfg = Debug|Any CPU
		{03DDA3E3-F57A-4DBB-B099-C518F8163731}.Debug|Any CPU.Build.0 = Debug|Any CPU
		{03DDA3E3-F57A-4DBB-B099-C518F8163731}.Release|Any CPU.ActiveCfg = Release|Any CPU
		{03DDA3E3-F57A-4DBB-B099-C518F8163731}.Release|Any CPU.Build.0 = Release|Any CPU
		{D77EC0B4-CF61-4859-9BA2-9E2014A7B86B}.Debug|Any CPU.ActiveCfg = Debug|Any CPU
		{D77EC0B4-CF61-4859-9BA2-9E2014A7B86B}.Debug|Any CPU.Build.0 = Debug|Any CPU
		{D77EC0B4-CF61-4859-9BA2-9E2014A7B86B}.Release|Any CPU.ActiveCfg = Release|Any CPU
		{D77EC0B4-CF61-4859-9BA2-9E2014A7B86B}.Release|Any CPU.Build.0 = Release|Any CPU
		{DEE7B68D-3C99-45FC-856C-E228A0CA0FFC}.Debug|Any CPU.ActiveCfg = Debug|Any CPU
		{DEE7B68D-3C99-45FC-856C-E228A0CA0FFC}.Debug|Any CPU.Build.0 = Debug|Any CPU
		{DEE7B68D-3C99-45FC-856C-E228A0CA0FFC}.Release|Any CPU.ActiveCfg = Release|Any CPU
		{DEE7B68D-3C99-45FC-856C-E228A0CA0FFC}.Release|Any CPU.Build.0 = Release|Any CPU
		{838D03D3-DB9D-4A01-BCFD-09564442D491}.Debug|Any CPU.ActiveCfg = Debug|Any CPU
		{838D03D3-DB9D-4A01-BCFD-09564442D491}.Debug|Any CPU.Build.0 = Debug|Any CPU
		{838D03D3-DB9D-4A01-BCFD-09564442D491}.Release|Any CPU.ActiveCfg = Release|Any CPU
		{838D03D3-DB9D-4A01-BCFD-09564442D491}.Release|Any CPU.Build.0 = Release|Any CPU
	EndGlobalSection
	GlobalSection(SolutionProperties) = preSolution
		HideSolutionNode = FALSE
	EndGlobalSection
EndGlobal
