
Microsoft Visual Studio Solution File, Format Version 12.00
# Visual Studio 2012
Project("{FAE04EC0-301F-11D3-BF4B-00C04F79EFBC}") = "Entidades", "Entidades\Entidades.csproj", "{579808FE-D402-4BCA-B381-7D7522679520}"
EndProject
Project("{FAE04EC0-301F-11D3-BF4B-00C04F79EFBC}") = "Test", "Test\Test.csproj", "{4C4E78E1-9941-400A-804F-28EC929947E8}"
EndProject
Global
	GlobalSection(SolutionConfigurationPlatforms) = preSolution
		Debug|Any CPU = Debug|Any CPU
		Release|Any CPU = Release|Any CPU
	EndGlobalSection
	GlobalSection(ProjectConfigurationPlatforms) = postSolution
		{579808FE-D402-4BCA-B381-7D7522679520}.Debug|Any CPU.ActiveCfg = Debug|Any CPU
		{579808FE-D402-4BCA-B381-7D7522679520}.Debug|Any CPU.Build.0 = Debug|Any CPU
		{579808FE-D402-4BCA-B381-7D7522679520}.Release|Any CPU.ActiveCfg = Release|Any CPU
		{579808FE-D402-4BCA-B381-7D7522679520}.Release|Any CPU.Build.0 = Release|Any CPU
		{4C4E78E1-9941-400A-804F-28EC929947E8}.Debug|Any CPU.ActiveCfg = Debug|Any CPU
		{4C4E78E1-9941-400A-804F-28EC929947E8}.Debug|Any CPU.Build.0 = Debug|Any CPU
		{4C4E78E1-9941-400A-804F-28EC929947E8}.Release|Any CPU.ActiveCfg = Release|Any CPU
		{4C4E78E1-9941-400A-804F-28EC929947E8}.Release|Any CPU.Build.0 = Release|Any CPU
	EndGlobalSection
	GlobalSection(SolutionProperties) = preSolution
		HideSolutionNode = FALSE
	EndGlobalSection
EndGlobal
