
Microsoft Visual Studio Solution File, Format Version 12.00
# Visual Studio Version 16
VisualStudioVersion = 16.0.31402.337
MinimumVisualStudioVersion = 10.0.40219.1
Project("{FAE04EC0-301F-11D3-BF4B-00C04F79EFBC}") = "HilosEventos", "HilosEventos\HilosEventos.csproj", "{C744F307-204F-4F4C-A290-5759A8032DB7}"
EndProject
Global
	GlobalSection(SolutionConfigurationPlatforms) = preSolution
		Debug|Any CPU = Debug|Any CPU
		Release|Any CPU = Release|Any CPU
	EndGlobalSection
	GlobalSection(ProjectConfigurationPlatforms) = postSolution
		{C744F307-204F-4F4C-A290-5759A8032DB7}.Debug|Any CPU.ActiveCfg = Debug|Any CPU
		{C744F307-204F-4F4C-A290-5759A8032DB7}.Debug|Any CPU.Build.0 = Debug|Any CPU
		{C744F307-204F-4F4C-A290-5759A8032DB7}.Release|Any CPU.ActiveCfg = Release|Any CPU
		{C744F307-204F-4F4C-A290-5759A8032DB7}.Release|Any CPU.Build.0 = Release|Any CPU
	EndGlobalSection
	GlobalSection(SolutionProperties) = preSolution
		HideSolutionNode = FALSE
	EndGlobalSection
	GlobalSection(ExtensibilityGlobals) = postSolution
		SolutionGuid = {D36F00A7-973C-4CBD-BC59-6AEFDB4A5456}
	EndGlobalSection
EndGlobal
