
Microsoft Visual Studio Solution File, Format Version 12.00
# Visual Studio Version 16
VisualStudioVersion = 16.0.30104.148
MinimumVisualStudioVersion = 10.0.40219.1
Project("{FAE04EC0-301F-11D3-BF4B-00C04F79EFBC}") = "Threads", "Threads\Threads.csproj", "{5B964DC6-F5D5-44FC-A36F-EFB1E977E397}"
EndProject
Global
	GlobalSection(SolutionConfigurationPlatforms) = preSolution
		Debug|Any CPU = Debug|Any CPU
		Release|Any CPU = Release|Any CPU
	EndGlobalSection
	GlobalSection(ProjectConfigurationPlatforms) = postSolution
		{5B964DC6-F5D5-44FC-A36F-EFB1E977E397}.Debug|Any CPU.ActiveCfg = Debug|Any CPU
		{5B964DC6-F5D5-44FC-A36F-EFB1E977E397}.Debug|Any CPU.Build.0 = Debug|Any CPU
		{5B964DC6-F5D5-44FC-A36F-EFB1E977E397}.Release|Any CPU.ActiveCfg = Release|Any CPU
		{5B964DC6-F5D5-44FC-A36F-EFB1E977E397}.Release|Any CPU.Build.0 = Release|Any CPU
	EndGlobalSection
	GlobalSection(SolutionProperties) = preSolution
		HideSolutionNode = FALSE
	EndGlobalSection
	GlobalSection(ExtensibilityGlobals) = postSolution
		SolutionGuid = {67FB96FF-7965-40F4-8D3E-F5DBA6A02A9A}
	EndGlobalSection
EndGlobal
