
Microsoft Visual Studio Solution File, Format Version 12.00
# Visual Studio 2012
Project("{FAE04EC0-301F-11D3-BF4B-00C04F79EFBC}") = "Entidades", "Entidades\Entidades.csproj", "{81F9C86D-F5B2-48F0-B653-BB642C1DD545}"
EndProject
Project("{FAE04EC0-301F-11D3-BF4B-00C04F79EFBC}") = "Test", "Test\Test.csproj", "{98F57DCB-8562-48C0-A8F5-FE3AE18B4E5B}"
EndProject
Project("{FAE04EC0-301F-11D3-BF4B-00C04F79EFBC}") = "TestUnitario", "TestUnitario\TestUnitario.csproj", "{5C199010-0E99-4203-9493-8356A985F1D2}"
EndProject
Global
	GlobalSection(SolutionConfigurationPlatforms) = preSolution
		Debug|Any CPU = Debug|Any CPU
		Release|Any CPU = Release|Any CPU
	EndGlobalSection
	GlobalSection(ProjectConfigurationPlatforms) = postSolution
		{81F9C86D-F5B2-48F0-B653-BB642C1DD545}.Debug|Any CPU.ActiveCfg = Debug|Any CPU
		{81F9C86D-F5B2-48F0-B653-BB642C1DD545}.Debug|Any CPU.Build.0 = Debug|Any CPU
		{81F9C86D-F5B2-48F0-B653-BB642C1DD545}.Release|Any CPU.ActiveCfg = Release|Any CPU
		{81F9C86D-F5B2-48F0-B653-BB642C1DD545}.Release|Any CPU.Build.0 = Release|Any CPU
		{98F57DCB-8562-48C0-A8F5-FE3AE18B4E5B}.Debug|Any CPU.ActiveCfg = Debug|Any CPU
		{98F57DCB-8562-48C0-A8F5-FE3AE18B4E5B}.Debug|Any CPU.Build.0 = Debug|Any CPU
		{98F57DCB-8562-48C0-A8F5-FE3AE18B4E5B}.Release|Any CPU.ActiveCfg = Release|Any CPU
		{98F57DCB-8562-48C0-A8F5-FE3AE18B4E5B}.Release|Any CPU.Build.0 = Release|Any CPU
		{5C199010-0E99-4203-9493-8356A985F1D2}.Debug|Any CPU.ActiveCfg = Debug|Any CPU
		{5C199010-0E99-4203-9493-8356A985F1D2}.Debug|Any CPU.Build.0 = Debug|Any CPU
		{5C199010-0E99-4203-9493-8356A985F1D2}.Release|Any CPU.ActiveCfg = Release|Any CPU
		{5C199010-0E99-4203-9493-8356A985F1D2}.Release|Any CPU.Build.0 = Release|Any CPU
	EndGlobalSection
	GlobalSection(SolutionProperties) = preSolution
		HideSolutionNode = FALSE
	EndGlobalSection
EndGlobal
