
Microsoft Visual Studio Solution File, Format Version 12.00
# Visual Studio 2012
Project("{FAE04EC0-301F-11D3-BF4B-00C04F79EFBC}") = "Clase-3", "Ej.Sobrecarga\Clase-3.csproj", "{B216338F-1702-4376-8B7D-4799D5734EE1}"
EndProject
Project("{FAE04EC0-301F-11D3-BF4B-00C04F79EFBC}") = "StringBuilderEjemplo", "StringBuilderEjemplo\ConsoleApplication1\StringBuilderEjemplo.csproj", "{1B4F6CC5-F7ED-43F7-BD8C-FDB11BA1D39F}"
EndProject
Project("{FAE04EC0-301F-11D3-BF4B-00C04F79EFBC}") = "Clase-1", "Clase-1\ConsoleApplication1\Clase-1.csproj", "{730B7C95-AF2A-4B91-9534-FDC1F2B09C95}"
EndProject
Project("{FAE04EC0-301F-11D3-BF4B-00C04F79EFBC}") = "Clase-2", "Clase-2\Clase-2\Clase-2.csproj", "{69B293AD-5578-411B-BB11-5FCD03002A2D}"
EndProject
Project("{FAE04EC0-301F-11D3-BF4B-00C04F79EFBC}") = "Ejercicio-Clase-5-Campus", "Ejercicio-Clase-5-Campus\Ejercicio-Clase-5-Campus.csproj", "{E20BCD1B-C7F0-4DB6-BECC-748B22940847}"
EndProject
Project("{FAE04EC0-301F-11D3-BF4B-00C04F79EFBC}") = "Ej.WindowsForms", "Ej.Formularios\WindowsFormsApplication1\Ej.WindowsForms.csproj", "{E4A66428-43DA-4275-AB84-A99C7C0E978F}"
EndProject
Project("{FAE04EC0-301F-11D3-BF4B-00C04F79EFBC}") = "Ej.Colecciones", "Ej.Colecciones\Ej.Colecciones.csproj", "{FFDC7605-6513-438D-B7A1-EC1D39CCE27C}"
EndProject
Project("{FAE04EC0-301F-11D3-BF4B-00C04F79EFBC}") = "Clase-6", "Clase-6\Clase-6.csproj", "{CCE6A4C7-73FF-496B-B1D7-444DD5BB7F14}"
EndProject
Project("{FAE04EC0-301F-11D3-BF4B-00C04F79EFBC}") = "Clase-8", "Clase-7\Clase-8.csproj", "{A6154D3C-0917-4F19-B74F-C73F7C47F0F5}"
EndProject
Project("{FAE04EC0-301F-11D3-BF4B-00C04F79EFBC}") = "Clase-8-Libreria", "Clase-8-Libreria\Clase-8-Libreria.csproj", "{CF587F8D-4B7E-4562-A113-C2481EC58A7F}"
EndProject
Project("{FAE04EC0-301F-11D3-BF4B-00C04F79EFBC}") = "Ej.Herencia.PPT", "Ej.Herencia\Herencia\Ej.Herencia.PPT.csproj", "{506C23BF-87B6-4425-8032-03A32AF4108B}"
EndProject
Project("{FAE04EC0-301F-11D3-BF4B-00C04F79EFBC}") = "Ej.Herencia", "Ej.Herencia\EjemploHerencia\Ej.Herencia.csproj", "{42842CDC-8AEB-4090-8314-9EA80E00C0E6}"
EndProject
Project("{FAE04EC0-301F-11D3-BF4B-00C04F79EFBC}") = "Ej.Polimorfismo-Libreria", "Ej.Polimorfismo-Libreria\Ej.Polimorfismo-Libreria.csproj", "{2472EC3A-3045-4FC6-B55E-8A37ED91B42F}"
EndProject
Project("{FAE04EC0-301F-11D3-BF4B-00C04F79EFBC}") = "Ej.Polimorfismo", "Ej.Polimorfismo\Ej.Polimorfismo.csproj", "{52375052-89AC-4E7A-9BD8-1E20F8621A01}"
EndProject
Project("{FAE04EC0-301F-11D3-BF4B-00C04F79EFBC}") = "ManejoDeErrores", "ManejoDeErrores\ManejoDeErrores.csproj", "{700BF03B-1282-43B0-80B1-0CF04A6A9C2B}"
EndProject
Project("{FAE04EC0-301F-11D3-BF4B-00C04F79EFBC}") = "Interfaces", "Interfaces\Interfaces.csproj", "{A9FDF67A-1A88-4674-B7FC-3A2036E7C446}"
EndProject
Project("{FAE04EC0-301F-11D3-BF4B-00C04F79EFBC}") = "Clase-19-ArchivosTexto", "Clase-19-ArchivosTexto\Clase-19-ArchivosTexto.csproj", "{0AC6B571-1768-4F1A-9501-A54683357A0D}"
EndProject
Project("{FAE04EC0-301F-11D3-BF4B-00C04F79EFBC}") = "Clase-20-Archivos_Generics_e_Interfaces", "Archivos_Generics_e_Interfaces\Archivos_e_Interfaces\Clase-20-Archivos_Generics_e_Interfaces.csproj", "{9F585B68-1EDF-48F0-9398-68CD604FAF0F}"
EndProject
Project("{FAE04EC0-301F-11D3-BF4B-00C04F79EFBC}") = "Clase-20-Archivos", "Archivos_Generics_e_Interfaces\Archivos\Clase-20-Archivos.csproj", "{BE9CADB5-7618-4345-A518-032B42EEB34A}"
EndProject
Global
	GlobalSection(SolutionConfigurationPlatforms) = preSolution
		Debug|Any CPU = Debug|Any CPU
		Release|Any CPU = Release|Any CPU
	EndGlobalSection
	GlobalSection(ProjectConfigurationPlatforms) = postSolution
		{B216338F-1702-4376-8B7D-4799D5734EE1}.Debug|Any CPU.ActiveCfg = Debug|Any CPU
		{B216338F-1702-4376-8B7D-4799D5734EE1}.Debug|Any CPU.Build.0 = Debug|Any CPU
		{B216338F-1702-4376-8B7D-4799D5734EE1}.Release|Any CPU.ActiveCfg = Release|Any CPU
		{B216338F-1702-4376-8B7D-4799D5734EE1}.Release|Any CPU.Build.0 = Release|Any CPU
		{1B4F6CC5-F7ED-43F7-BD8C-FDB11BA1D39F}.Debug|Any CPU.ActiveCfg = Debug|Any CPU
		{1B4F6CC5-F7ED-43F7-BD8C-FDB11BA1D39F}.Debug|Any CPU.Build.0 = Debug|Any CPU
		{1B4F6CC5-F7ED-43F7-BD8C-FDB11BA1D39F}.Release|Any CPU.ActiveCfg = Release|Any CPU
		{1B4F6CC5-F7ED-43F7-BD8C-FDB11BA1D39F}.Release|Any CPU.Build.0 = Release|Any CPU
		{730B7C95-AF2A-4B91-9534-FDC1F2B09C95}.Debug|Any CPU.ActiveCfg = Debug|Any CPU
		{730B7C95-AF2A-4B91-9534-FDC1F2B09C95}.Debug|Any CPU.Build.0 = Debug|Any CPU
		{730B7C95-AF2A-4B91-9534-FDC1F2B09C95}.Release|Any CPU.ActiveCfg = Release|Any CPU
		{730B7C95-AF2A-4B91-9534-FDC1F2B09C95}.Release|Any CPU.Build.0 = Release|Any CPU
		{69B293AD-5578-411B-BB11-5FCD03002A2D}.Debug|Any CPU.ActiveCfg = Debug|Any CPU
		{69B293AD-5578-411B-BB11-5FCD03002A2D}.Debug|Any CPU.Build.0 = Debug|Any CPU
		{69B293AD-5578-411B-BB11-5FCD03002A2D}.Release|Any CPU.ActiveCfg = Release|Any CPU
		{69B293AD-5578-411B-BB11-5FCD03002A2D}.Release|Any CPU.Build.0 = Release|Any CPU
		{E20BCD1B-C7F0-4DB6-BECC-748B22940847}.Debug|Any CPU.ActiveCfg = Debug|Any CPU
		{E20BCD1B-C7F0-4DB6-BECC-748B22940847}.Debug|Any CPU.Build.0 = Debug|Any CPU
		{E20BCD1B-C7F0-4DB6-BECC-748B22940847}.Release|Any CPU.ActiveCfg = Release|Any CPU
		{E20BCD1B-C7F0-4DB6-BECC-748B22940847}.Release|Any CPU.Build.0 = Release|Any CPU
		{E4A66428-43DA-4275-AB84-A99C7C0E978F}.Debug|Any CPU.ActiveCfg = Debug|Any CPU
		{E4A66428-43DA-4275-AB84-A99C7C0E978F}.Debug|Any CPU.Build.0 = Debug|Any CPU
		{E4A66428-43DA-4275-AB84-A99C7C0E978F}.Release|Any CPU.ActiveCfg = Release|Any CPU
		{E4A66428-43DA-4275-AB84-A99C7C0E978F}.Release|Any CPU.Build.0 = Release|Any CPU
		{FFDC7605-6513-438D-B7A1-EC1D39CCE27C}.Debug|Any CPU.ActiveCfg = Debug|Any CPU
		{FFDC7605-6513-438D-B7A1-EC1D39CCE27C}.Debug|Any CPU.Build.0 = Debug|Any CPU
		{FFDC7605-6513-438D-B7A1-EC1D39CCE27C}.Release|Any CPU.ActiveCfg = Release|Any CPU
		{FFDC7605-6513-438D-B7A1-EC1D39CCE27C}.Release|Any CPU.Build.0 = Release|Any CPU
		{CCE6A4C7-73FF-496B-B1D7-444DD5BB7F14}.Debug|Any CPU.ActiveCfg = Debug|Any CPU
		{CCE6A4C7-73FF-496B-B1D7-444DD5BB7F14}.Debug|Any CPU.Build.0 = Debug|Any CPU
		{CCE6A4C7-73FF-496B-B1D7-444DD5BB7F14}.Release|Any CPU.ActiveCfg = Release|Any CPU
		{CCE6A4C7-73FF-496B-B1D7-444DD5BB7F14}.Release|Any CPU.Build.0 = Release|Any CPU
		{A6154D3C-0917-4F19-B74F-C73F7C47F0F5}.Debug|Any CPU.ActiveCfg = Debug|Any CPU
		{A6154D3C-0917-4F19-B74F-C73F7C47F0F5}.Debug|Any CPU.Build.0 = Debug|Any CPU
		{A6154D3C-0917-4F19-B74F-C73F7C47F0F5}.Release|Any CPU.ActiveCfg = Release|Any CPU
		{A6154D3C-0917-4F19-B74F-C73F7C47F0F5}.Release|Any CPU.Build.0 = Release|Any CPU
		{CF587F8D-4B7E-4562-A113-C2481EC58A7F}.Debug|Any CPU.ActiveCfg = Debug|Any CPU
		{CF587F8D-4B7E-4562-A113-C2481EC58A7F}.Debug|Any CPU.Build.0 = Debug|Any CPU
		{CF587F8D-4B7E-4562-A113-C2481EC58A7F}.Release|Any CPU.ActiveCfg = Release|Any CPU
		{CF587F8D-4B7E-4562-A113-C2481EC58A7F}.Release|Any CPU.Build.0 = Release|Any CPU
		{506C23BF-87B6-4425-8032-03A32AF4108B}.Debug|Any CPU.ActiveCfg = Debug|Any CPU
		{506C23BF-87B6-4425-8032-03A32AF4108B}.Debug|Any CPU.Build.0 = Debug|Any CPU
		{506C23BF-87B6-4425-8032-03A32AF4108B}.Release|Any CPU.ActiveCfg = Release|Any CPU
		{506C23BF-87B6-4425-8032-03A32AF4108B}.Release|Any CPU.Build.0 = Release|Any CPU
		{42842CDC-8AEB-4090-8314-9EA80E00C0E6}.Debug|Any CPU.ActiveCfg = Debug|Any CPU
		{42842CDC-8AEB-4090-8314-9EA80E00C0E6}.Debug|Any CPU.Build.0 = Debug|Any CPU
		{42842CDC-8AEB-4090-8314-9EA80E00C0E6}.Release|Any CPU.ActiveCfg = Release|Any CPU
		{42842CDC-8AEB-4090-8314-9EA80E00C0E6}.Release|Any CPU.Build.0 = Release|Any CPU
		{2472EC3A-3045-4FC6-B55E-8A37ED91B42F}.Debug|Any CPU.ActiveCfg = Debug|Any CPU
		{2472EC3A-3045-4FC6-B55E-8A37ED91B42F}.Debug|Any CPU.Build.0 = Debug|Any CPU
		{2472EC3A-3045-4FC6-B55E-8A37ED91B42F}.Release|Any CPU.ActiveCfg = Release|Any CPU
		{2472EC3A-3045-4FC6-B55E-8A37ED91B42F}.Release|Any CPU.Build.0 = Release|Any CPU
		{52375052-89AC-4E7A-9BD8-1E20F8621A01}.Debug|Any CPU.ActiveCfg = Debug|Any CPU
		{52375052-89AC-4E7A-9BD8-1E20F8621A01}.Debug|Any CPU.Build.0 = Debug|Any CPU
		{52375052-89AC-4E7A-9BD8-1E20F8621A01}.Release|Any CPU.ActiveCfg = Release|Any CPU
		{52375052-89AC-4E7A-9BD8-1E20F8621A01}.Release|Any CPU.Build.0 = Release|Any CPU
		{700BF03B-1282-43B0-80B1-0CF04A6A9C2B}.Debug|Any CPU.ActiveCfg = Debug|Any CPU
		{700BF03B-1282-43B0-80B1-0CF04A6A9C2B}.Debug|Any CPU.Build.0 = Debug|Any CPU
		{700BF03B-1282-43B0-80B1-0CF04A6A9C2B}.Release|Any CPU.ActiveCfg = Release|Any CPU
		{700BF03B-1282-43B0-80B1-0CF04A6A9C2B}.Release|Any CPU.Build.0 = Release|Any CPU
		{A9FDF67A-1A88-4674-B7FC-3A2036E7C446}.Debug|Any CPU.ActiveCfg = Debug|Any CPU
		{A9FDF67A-1A88-4674-B7FC-3A2036E7C446}.Debug|Any CPU.Build.0 = Debug|Any CPU
		{A9FDF67A-1A88-4674-B7FC-3A2036E7C446}.Release|Any CPU.ActiveCfg = Release|Any CPU
		{A9FDF67A-1A88-4674-B7FC-3A2036E7C446}.Release|Any CPU.Build.0 = Release|Any CPU
		{0AC6B571-1768-4F1A-9501-A54683357A0D}.Debug|Any CPU.ActiveCfg = Debug|Any CPU
		{0AC6B571-1768-4F1A-9501-A54683357A0D}.Debug|Any CPU.Build.0 = Debug|Any CPU
		{0AC6B571-1768-4F1A-9501-A54683357A0D}.Release|Any CPU.ActiveCfg = Release|Any CPU
		{0AC6B571-1768-4F1A-9501-A54683357A0D}.Release|Any CPU.Build.0 = Release|Any CPU
		{9F585B68-1EDF-48F0-9398-68CD604FAF0F}.Debug|Any CPU.ActiveCfg = Debug|Any CPU
		{9F585B68-1EDF-48F0-9398-68CD604FAF0F}.Debug|Any CPU.Build.0 = Debug|Any CPU
		{9F585B68-1EDF-48F0-9398-68CD604FAF0F}.Release|Any CPU.ActiveCfg = Release|Any CPU
		{9F585B68-1EDF-48F0-9398-68CD604FAF0F}.Release|Any CPU.Build.0 = Release|Any CPU
		{BE9CADB5-7618-4345-A518-032B42EEB34A}.Debug|Any CPU.ActiveCfg = Debug|Any CPU
		{BE9CADB5-7618-4345-A518-032B42EEB34A}.Debug|Any CPU.Build.0 = Debug|Any CPU
		{BE9CADB5-7618-4345-A518-032B42EEB34A}.Release|Any CPU.ActiveCfg = Release|Any CPU
		{BE9CADB5-7618-4345-A518-032B42EEB34A}.Release|Any CPU.Build.0 = Release|Any CPU
	EndGlobalSection
	GlobalSection(SolutionProperties) = preSolution
		HideSolutionNode = FALSE
	EndGlobalSection
EndGlobal
