
Microsoft Visual Studio Solution File, Format Version 12.00
# Visual Studio 2012
Project("{FAE04EC0-301F-11D3-BF4B-00C04F79EFBC}") = "Ej.Sobrecarga", "Ej.Sobrecarga\Ej.Sobrecarga.csproj", "{B216338F-1702-4376-8B7D-4799D5734EE1}"
EndProject
Global
	GlobalSection(SolutionConfigurationPlatforms) = preSolution
		Debug|Any CPU = Debug|Any CPU
		Release|Any CPU = Release|Any CPU
	EndGlobalSection
	GlobalSection(ProjectConfigurationPlatforms) = postSolution
		{B216338F-1702-4376-8B7D-4799D5734EE1}.Debug|Any CPU.ActiveCfg = Debug|Any CPU
		{B216338F-1702-4376-8B7D-4799D5734EE1}.Debug|Any CPU.Build.0 = Debug|Any CPU
		{B216338F-1702-4376-8B7D-4799D5734EE1}.Release|Any CPU.ActiveCfg = Release|Any CPU
		{B216338F-1702-4376-8B7D-4799D5734EE1}.Release|Any CPU.Build.0 = Release|Any CPU
	EndGlobalSection
	GlobalSection(SolutionProperties) = preSolution
		HideSolutionNode = FALSE
	EndGlobalSection
EndGlobal
