
Microsoft Visual Studio Solution File, Format Version 12.00
# Visual Studio Version 16
VisualStudioVersion = 16.0.31829.152
MinimumVisualStudioVersion = 10.0.40219.1
Project("{FAE04EC0-301F-11D3-BF4B-00C04F79EFBC}") = "Downloader", "Downloader\Downloader.csproj", "{D34E365A-AD56-4C57-B12D-554ADAAFC4E4}"
EndProject
Project("{FAE04EC0-301F-11D3-BF4B-00C04F79EFBC}") = "Entidades", "Entidades\Entidades.csproj", "{8998D970-9AAA-4C18-B2C6-21F0277742C0}"
EndProject
Global
	GlobalSection(SolutionConfigurationPlatforms) = preSolution
		Debug|Any CPU = Debug|Any CPU
		Release|Any CPU = Release|Any CPU
	EndGlobalSection
	GlobalSection(ProjectConfigurationPlatforms) = postSolution
		{D34E365A-AD56-4C57-B12D-554ADAAFC4E4}.Debug|Any CPU.ActiveCfg = Debug|Any CPU
		{D34E365A-AD56-4C57-B12D-554ADAAFC4E4}.Debug|Any CPU.Build.0 = Debug|Any CPU
		{D34E365A-AD56-4C57-B12D-554ADAAFC4E4}.Release|Any CPU.ActiveCfg = Release|Any CPU
		{D34E365A-AD56-4C57-B12D-554ADAAFC4E4}.Release|Any CPU.Build.0 = Release|Any CPU
		{8998D970-9AAA-4C18-B2C6-21F0277742C0}.Debug|Any CPU.ActiveCfg = Debug|Any CPU
		{8998D970-9AAA-4C18-B2C6-21F0277742C0}.Debug|Any CPU.Build.0 = Debug|Any CPU
		{8998D970-9AAA-4C18-B2C6-21F0277742C0}.Release|Any CPU.ActiveCfg = Release|Any CPU
		{8998D970-9AAA-4C18-B2C6-21F0277742C0}.Release|Any CPU.Build.0 = Release|Any CPU
	EndGlobalSection
	GlobalSection(SolutionProperties) = preSolution
		HideSolutionNode = FALSE
	EndGlobalSection
	GlobalSection(ExtensibilityGlobals) = postSolution
		SolutionGuid = {FEC8E07A-A58B-453E-9815-B403C076C33E}
	EndGlobalSection
EndGlobal
